# This file is automatically @generated by Cargo.
# It is not intended for manual editing.
version = 4

[[package]]
name = "alloc-example"
version = "0.1.0"
dependencies = [
 "buddy_system_allocator",
 "panic-halt",
]

[[package]]
name = "buddy_system_allocator"
version = "0.12.0"
source = "registry+https://github.com/rust-lang/crates.io-index"
checksum = "b672b945a3e4f4f40bfd4cd5ee07df9e796a42254ce7cd6d2599ad969244c44a"
dependencies = [
 "spin",
]

[[package]]
name = "panic-halt"
version = "1.0.0"
source = "registry+https://github.com/rust-lang/crates.io-index"
checksum = "a513e167849a384b7f9b746e517604398518590a9142f4846a32e3c2a4de7b11"

[[package]]
name = "spin"
version = "0.10.0"
source = "registry+https://github.com/rust-lang/crates.io-index"
checksum = "d5fe4ccb98d9c292d56fec89a5e07da7fc4cf0dc11e156b41793132775d3e591"
